
Microsoft Visual Studio Solution File, Format Version 12.00
# Visual Studio Version 17
VisualStudioVersion = 17.0.31903.59
MinimumVisualStudioVersion = 10.0.40219.1
Project("{2150E333-8FDC-42A3-9474-1A3956D46DE8}") = "src", "src", "{827E0CD3-B72D-47B6-A68D-7590B98EB39B}"
EndProject
Project("{FAE04EC0-301F-11D3-BF4B-00C04F79EFBC}") = "PursuitOfModularity.Logic", "src\PursuitOfModularity.Logic\PursuitOfModularity.Logic.csproj", "{CC2F9E58-57E4-4F08-95B9-334829869A14}"
EndProject
Project("{FAE04EC0-301F-11D3-BF4B-00C04F79EFBC}") = "PursuitOfModularity.Console", "src\PursuitOfModularity.Console\PursuitOfModularity.Console.csproj", "{08CE21E0-9071-4169-921C-2F96F1AF096D}"
EndProject
Project("{2150E333-8FDC-42A3-9474-1A3956D46DE8}") = "tests", "tests", "{0AB3BF05-4346-4AA6-1389-037BE0695223}"
EndProject
Project("{FAE04EC0-301F-11D3-BF4B-00C04F79EFBC}") = "PursuitOfModularity.Tests", "tests\PursuitOfModularity.Tests\PursuitOfModularity.Tests.csproj", "{723762A2-71DA-4885-8087-D1C4439DEAF5}"
EndProject
Global
	GlobalSection(SolutionConfigurationPlatforms) = preSolution
		Debug|Any CPU = Debug|Any CPU
		Debug|x64 = Debug|x64
		Debug|x86 = Debug|x86
		Release|Any CPU = Release|Any CPU
		Release|x64 = Release|x64
		Release|x86 = Release|x86
	EndGlobalSection
	GlobalSection(ProjectConfigurationPlatforms) = postSolution
		{CC2F9E58-57E4-4F08-95B9-334829869A14}.Debug|Any CPU.ActiveCfg = Debug|Any CPU
		{CC2F9E58-57E4-4F08-95B9-334829869A14}.Debug|Any CPU.Build.0 = Debug|Any CPU
		{CC2F9E58-57E4-4F08-95B9-334829869A14}.Debug|x64.ActiveCfg = Debug|Any CPU
		{CC2F9E58-57E4-4F08-95B9-334829869A14}.Debug|x64.Build.0 = Debug|Any CPU
		{CC2F9E58-57E4-4F08-95B9-334829869A14}.Debug|x86.ActiveCfg = Debug|Any CPU
		{CC2F9E58-57E4-4F08-95B9-334829869A14}.Debug|x86.Build.0 = Debug|Any CPU
		{CC2F9E58-57E4-4F08-95B9-334829869A14}.Release|Any CPU.ActiveCfg = Release|Any CPU
		{CC2F9E58-57E4-4F08-95B9-334829869A14}.Release|Any CPU.Build.0 = Release|Any CPU
		{CC2F9E58-57E4-4F08-95B9-334829869A14}.Release|x64.ActiveCfg = Release|Any CPU
		{CC2F9E58-57E4-4F08-95B9-334829869A14}.Release|x64.Build.0 = Release|Any CPU
		{CC2F9E58-57E4-4F08-95B9-334829869A14}.Release|x86.ActiveCfg = Release|Any CPU
		{CC2F9E58-57E4-4F08-95B9-334829869A14}.Release|x86.Build.0 = Release|Any CPU
		{08CE21E0-9071-4169-921C-2F96F1AF096D}.Debug|Any CPU.ActiveCfg = Debug|Any CPU
		{08CE21E0-9071-4169-921C-2F96F1AF096D}.Debug|Any CPU.Build.0 = Debug|Any CPU
		{08CE21E0-9071-4169-921C-2F96F1AF096D}.Debug|x64.ActiveCfg = Debug|Any CPU
		{08CE21E0-9071-4169-921C-2F96F1AF096D}.Debug|x64.Build.0 = Debug|Any CPU
		{08CE21E0-9071-4169-921C-2F96F1AF096D}.Debug|x86.ActiveCfg = Debug|Any CPU
		{08CE21E0-9071-4169-921C-2F96F1AF096D}.Debug|x86.Build.0 = Debug|Any CPU
		{08CE21E0-9071-4169-921C-2F96F1AF096D}.Release|Any CPU.ActiveCfg = Release|Any CPU
		{08CE21E0-9071-4169-921C-2F96F1AF096D}.Release|Any CPU.Build.0 = Release|Any CPU
		{08CE21E0-9071-4169-921C-2F96F1AF096D}.Release|x64.ActiveCfg = Release|Any CPU
		{08CE21E0-9071-4169-921C-2F96F1AF096D}.Release|x64.Build.0 = Release|Any CPU
		{08CE21E0-9071-4169-921C-2F96F1AF096D}.Release|x86.ActiveCfg = Release|Any CPU
		{08CE21E0-9071-4169-921C-2F96F1AF096D}.Release|x86.Build.0 = Release|Any CPU
		{723762A2-71DA-4885-8087-D1C4439DEAF5}.Debug|Any CPU.ActiveCfg = Debug|Any CPU
		{723762A2-71DA-4885-8087-D1C4439DEAF5}.Debug|Any CPU.Build.0 = Debug|Any CPU
		{723762A2-71DA-4885-8087-D1C4439DEAF5}.Debug|x64.ActiveCfg = Debug|Any CPU
		{723762A2-71DA-4885-8087-D1C4439DEAF5}.Debug|x64.Build.0 = Debug|Any CPU
		{723762A2-71DA-4885-8087-D1C4439DEAF5}.Debug|x86.ActiveCfg = Debug|Any CPU
		{723762A2-71DA-4885-8087-D1C4439DEAF5}.Debug|x86.Build.0 = Debug|Any CPU
		{723762A2-71DA-4885-8087-D1C4439DEAF5}.Release|Any CPU.ActiveCfg = Release|Any CPU
		{723762A2-71DA-4885-8087-D1C4439DEAF5}.Release|Any CPU.Build.0 = Release|Any CPU
		{723762A2-71DA-4885-8087-D1C4439DEAF5}.Release|x64.ActiveCfg = Release|Any CPU
		{723762A2-71DA-4885-8087-D1C4439DEAF5}.Release|x64.Build.0 = Release|Any CPU
		{723762A2-71DA-4885-8087-D1C4439DEAF5}.Release|x86.ActiveCfg = Release|Any CPU
		{723762A2-71DA-4885-8087-D1C4439DEAF5}.Release|x86.Build.0 = Release|Any CPU
	EndGlobalSection
	GlobalSection(SolutionProperties) = preSolution
		HideSolutionNode = FALSE
	EndGlobalSection
	GlobalSection(NestedProjects) = preSolution
		{CC2F9E58-57E4-4F08-95B9-334829869A14} = {827E0CD3-B72D-47B6-A68D-7590B98EB39B}
		{08CE21E0-9071-4169-921C-2F96F1AF096D} = {827E0CD3-B72D-47B6-A68D-7590B98EB39B}
		{723762A2-71DA-4885-8087-D1C4439DEAF5} = {0AB3BF05-4346-4AA6-1389-037BE0695223}
	EndGlobalSection
EndGlobal
